
Microsoft Visual Studio Solution File, Format Version 12.00
# Visual Studio Version 17
VisualStudioVersion = 17.0.31903.59
MinimumVisualStudioVersion = 10.0.40219.1
Project("{9A19103F-16F7-4668-BE54-9A1E7A4F7556}") = "calculadora", "calculadora\calculadora.csproj", "{AF35FB01-A411-4564-A8FB-CD8DD268A2F4}"
EndProject
Project("{FAE04EC0-301F-11D3-BF4B-00C04F79EFBC}") = "Calculadora.Tests", "Calculadora.Tests\Calculadora.Tests.csproj", "{40598922-0CF3-4C2D-8DB5-FC893937F4A9}"
EndProject
Global
	GlobalSection(SolutionConfigurationPlatforms) = preSolution
		Debug|Any CPU = Debug|Any CPU
		Release|Any CPU = Release|Any CPU
	EndGlobalSection
	GlobalSection(ProjectConfigurationPlatforms) = postSolution
		{AF35FB01-A411-4564-A8FB-CD8DD268A2F4}.Debug|Any CPU.ActiveCfg = Debug|Any CPU
		{AF35FB01-A411-4564-A8FB-CD8DD268A2F4}.Debug|Any CPU.Build.0 = Debug|Any CPU
		{AF35FB01-A411-4564-A8FB-CD8DD268A2F4}.Release|Any CPU.ActiveCfg = Release|Any CPU
		{AF35FB01-A411-4564-A8FB-CD8DD268A2F4}.Release|Any CPU.Build.0 = Release|Any CPU
		{40598922-0CF3-4C2D-8DB5-FC893937F4A9}.Debug|Any CPU.ActiveCfg = Debug|Any CPU
		{40598922-0CF3-4C2D-8DB5-FC893937F4A9}.Debug|Any CPU.Build.0 = Debug|Any CPU
		{40598922-0CF3-4C2D-8DB5-FC893937F4A9}.Release|Any CPU.ActiveCfg = Release|Any CPU
		{40598922-0CF3-4C2D-8DB5-FC893937F4A9}.Release|Any CPU.Build.0 = Release|Any CPU
	EndGlobalSection
	GlobalSection(SolutionProperties) = preSolution
		HideSolutionNode = FALSE
	EndGlobalSection
	GlobalSection(ExtensibilityGlobals) = postSolution
		SolutionGuid = {AFF0E3A4-E86A-4D90-AE61-97450793F44D}
	EndGlobalSection
EndGlobal
